
Microsoft Visual Studio Solution File, Format Version 12.00
# Visual Studio Version 16
VisualStudioVersion = 16.0.29609.76
MinimumVisualStudioVersion = 10.0.40219.1
Project("{9A19103F-16F7-4668-BE54-9A1E7A4F7556}") = "Entities", "Entities\Entities.csproj", "{FD832E25-6ABE-4820-8492-0A3C37994F6B}"
EndProject
Project("{9A19103F-16F7-4668-BE54-9A1E7A4F7556}") = "DataAccess", "DataAccess\DataAccess.csproj", "{CE9A5C54-4637-4F7D-AE63-BA5407DC02C6}"
EndProject
Project("{9A19103F-16F7-4668-BE54-9A1E7A4F7556}") = "Business", "Business\Business.csproj", "{E5E75EB8-1F95-40A9-8B77-B01D8F5AA35C}"
EndProject
Project("{9A19103F-16F7-4668-BE54-9A1E7A4F7556}") = "WebUI", "WebUI\WebUI.csproj", "{93B02ADA-CA6F-4074-BC94-A69C3949798D}"
EndProject
Project("{FAE04EC0-301F-11D3-BF4B-00C04F79EFBC}") = "Core", "Core\Core.csproj", "{88970E79-9138-463C-9944-250A8F7959E2}"
EndProject
Global
	GlobalSection(SolutionConfigurationPlatforms) = preSolution
		Debug|Any CPU = Debug|Any CPU
		Release|Any CPU = Release|Any CPU
	EndGlobalSection
	GlobalSection(ProjectConfigurationPlatforms) = postSolution
		{FD832E25-6ABE-4820-8492-0A3C37994F6B}.Debug|Any CPU.ActiveCfg = Debug|Any CPU
		{FD832E25-6ABE-4820-8492-0A3C37994F6B}.Debug|Any CPU.Build.0 = Debug|Any CPU
		{FD832E25-6ABE-4820-8492-0A3C37994F6B}.Release|Any CPU.ActiveCfg = Release|Any CPU
		{FD832E25-6ABE-4820-8492-0A3C37994F6B}.Release|Any CPU.Build.0 = Release|Any CPU
		{CE9A5C54-4637-4F7D-AE63-BA5407DC02C6}.Debug|Any CPU.ActiveCfg = Debug|Any CPU
		{CE9A5C54-4637-4F7D-AE63-BA5407DC02C6}.Debug|Any CPU.Build.0 = Debug|Any CPU
		{CE9A5C54-4637-4F7D-AE63-BA5407DC02C6}.Release|Any CPU.ActiveCfg = Release|Any CPU
		{CE9A5C54-4637-4F7D-AE63-BA5407DC02C6}.Release|Any CPU.Build.0 = Release|Any CPU
		{E5E75EB8-1F95-40A9-8B77-B01D8F5AA35C}.Debug|Any CPU.ActiveCfg = Debug|Any CPU
		{E5E75EB8-1F95-40A9-8B77-B01D8F5AA35C}.Debug|Any CPU.Build.0 = Debug|Any CPU
		{E5E75EB8-1F95-40A9-8B77-B01D8F5AA35C}.Release|Any CPU.ActiveCfg = Release|Any CPU
		{E5E75EB8-1F95-40A9-8B77-B01D8F5AA35C}.Release|Any CPU.Build.0 = Release|Any CPU
		{93B02ADA-CA6F-4074-BC94-A69C3949798D}.Debug|Any CPU.ActiveCfg = Debug|Any CPU
		{93B02ADA-CA6F-4074-BC94-A69C3949798D}.Debug|Any CPU.Build.0 = Debug|Any CPU
		{93B02ADA-CA6F-4074-BC94-A69C3949798D}.Release|Any CPU.ActiveCfg = Release|Any CPU
		{93B02ADA-CA6F-4074-BC94-A69C3949798D}.Release|Any CPU.Build.0 = Release|Any CPU
		{88970E79-9138-463C-9944-250A8F7959E2}.Debug|Any CPU.ActiveCfg = Debug|Any CPU
		{88970E79-9138-463C-9944-250A8F7959E2}.Debug|Any CPU.Build.0 = Debug|Any CPU
		{88970E79-9138-463C-9944-250A8F7959E2}.Release|Any CPU.ActiveCfg = Release|Any CPU
		{88970E79-9138-463C-9944-250A8F7959E2}.Release|Any CPU.Build.0 = Release|Any CPU
	EndGlobalSection
	GlobalSection(SolutionProperties) = preSolution
		HideSolutionNode = FALSE
	EndGlobalSection
	GlobalSection(ExtensibilityGlobals) = postSolution
		SolutionGuid = {CE3B5733-5B9D-42C7-8337-82A6EAE400CD}
	EndGlobalSection
EndGlobal
